
Microsoft Visual Studio Solution File, Format Version 12.00
# Visual Studio 15
VisualStudioVersion = 15.0.27004.2009
MinimumVisualStudioVersion = 10.0.40219.1
Project("{8BC9CEB8-8B4A-11D0-8D11-00A0C91BC942}") = "Engine", "OpenGl\OpenGl.vcxproj", "{2F1282CB-2CB5-4B2A-AC48-AB55C1A5219E}"
EndProject
Project("{8BC9CEB8-8B4A-11D0-8D11-00A0C91BC942}") = "Tester", "Tester\Tester.vcxproj", "{18EC4B28-C9D7-4CF5-82B6-9EF64D6FF1B3}"
EndProject
Project("{8BC9CEB8-8B4A-11D0-8D11-00A0C91BC942}") = "Game", "Game\Game.vcxproj", "{FDAAF5B8-EFD9-427A-82FA-B7C2DFF84AC6}"
EndProject
Project("{8BC9CEB8-8B4A-11D0-8D11-00A0C91BC942}") = "Editor", "Editor\Editor.vcxproj", "{B12702AD-ABFB-343A-A199-8E24837244A3}"
	ProjectSection(ProjectDependencies) = postProject
		{2F1282CB-2CB5-4B2A-AC48-AB55C1A5219E} = {2F1282CB-2CB5-4B2A-AC48-AB55C1A5219E}
	EndProjectSection
EndProject
Global
	GlobalSection(SolutionConfigurationPlatforms) = preSolution
		Debug|Any CPU = Debug|Any CPU
		Debug|x64 = Debug|x64
		Debug|x86 = Debug|x86
		Release|Any CPU = Release|Any CPU
		Release|x64 = Release|x64
		Release|x86 = Release|x86
	EndGlobalSection
	GlobalSection(ProjectConfigurationPlatforms) = postSolution
		{2F1282CB-2CB5-4B2A-AC48-AB55C1A5219E}.Debug|Any CPU.ActiveCfg = Debug|Win32
		{2F1282CB-2CB5-4B2A-AC48-AB55C1A5219E}.Debug|x64.ActiveCfg = Debug|x64
		{2F1282CB-2CB5-4B2A-AC48-AB55C1A5219E}.Debug|x64.Build.0 = Debug|x64
		{2F1282CB-2CB5-4B2A-AC48-AB55C1A5219E}.Debug|x86.ActiveCfg = Debug|Win32
		{2F1282CB-2CB5-4B2A-AC48-AB55C1A5219E}.Debug|x86.Build.0 = Debug|Win32
		{2F1282CB-2CB5-4B2A-AC48-AB55C1A5219E}.Release|Any CPU.ActiveCfg = Release|Win32
		{2F1282CB-2CB5-4B2A-AC48-AB55C1A5219E}.Release|x64.ActiveCfg = Release|x64
		{2F1282CB-2CB5-4B2A-AC48-AB55C1A5219E}.Release|x64.Build.0 = Release|x64
		{2F1282CB-2CB5-4B2A-AC48-AB55C1A5219E}.Release|x86.ActiveCfg = Release|Win32
		{2F1282CB-2CB5-4B2A-AC48-AB55C1A5219E}.Release|x86.Build.0 = Release|Win32
		{18EC4B28-C9D7-4CF5-82B6-9EF64D6FF1B3}.Debug|Any CPU.ActiveCfg = Debug|Win32
		{18EC4B28-C9D7-4CF5-82B6-9EF64D6FF1B3}.Debug|x64.ActiveCfg = Debug|x64
		{18EC4B28-C9D7-4CF5-82B6-9EF64D6FF1B3}.Debug|x64.Build.0 = Debug|x64
		{18EC4B28-C9D7-4CF5-82B6-9EF64D6FF1B3}.Debug|x86.ActiveCfg = Debug|Win32
		{18EC4B28-C9D7-4CF5-82B6-9EF64D6FF1B3}.Debug|x86.Build.0 = Debug|Win32
		{18EC4B28-C9D7-4CF5-82B6-9EF64D6FF1B3}.Release|Any CPU.ActiveCfg = Release|Win32
		{18EC4B28-C9D7-4CF5-82B6-9EF64D6FF1B3}.Release|x64.ActiveCfg = Release|x64
		{18EC4B28-C9D7-4CF5-82B6-9EF64D6FF1B3}.Release|x64.Build.0 = Release|x64
		{18EC4B28-C9D7-4CF5-82B6-9EF64D6FF1B3}.Release|x86.ActiveCfg = Release|Win32
		{18EC4B28-C9D7-4CF5-82B6-9EF64D6FF1B3}.Release|x86.Build.0 = Release|Win32
		{FDAAF5B8-EFD9-427A-82FA-B7C2DFF84AC6}.Debug|Any CPU.ActiveCfg = Debug|Win32
		{FDAAF5B8-EFD9-427A-82FA-B7C2DFF84AC6}.Debug|x64.ActiveCfg = Debug|x64
		{FDAAF5B8-EFD9-427A-82FA-B7C2DFF84AC6}.Debug|x64.Build.0 = Debug|x64
		{FDAAF5B8-EFD9-427A-82FA-B7C2DFF84AC6}.Debug|x86.ActiveCfg = Debug|Win32
		{FDAAF5B8-EFD9-427A-82FA-B7C2DFF84AC6}.Debug|x86.Build.0 = Debug|Win32
		{FDAAF5B8-EFD9-427A-82FA-B7C2DFF84AC6}.Release|Any CPU.ActiveCfg = Release|Win32
		{FDAAF5B8-EFD9-427A-82FA-B7C2DFF84AC6}.Release|x64.ActiveCfg = Release|x64
		{FDAAF5B8-EFD9-427A-82FA-B7C2DFF84AC6}.Release|x64.Build.0 = Release|x64
		{FDAAF5B8-EFD9-427A-82FA-B7C2DFF84AC6}.Release|x86.ActiveCfg = Release|Win32
		{FDAAF5B8-EFD9-427A-82FA-B7C2DFF84AC6}.Release|x86.Build.0 = Release|Win32
		{B12702AD-ABFB-343A-A199-8E24837244A3}.Debug|Any CPU.ActiveCfg = Debug|Win32
		{B12702AD-ABFB-343A-A199-8E24837244A3}.Debug|x64.ActiveCfg = Debug|Win32
		{B12702AD-ABFB-343A-A199-8E24837244A3}.Debug|x86.ActiveCfg = Debug|Win32
		{B12702AD-ABFB-343A-A199-8E24837244A3}.Debug|x86.Build.0 = Debug|Win32
		{B12702AD-ABFB-343A-A199-8E24837244A3}.Release|Any CPU.ActiveCfg = Release|Win32
		{B12702AD-ABFB-343A-A199-8E24837244A3}.Release|x64.ActiveCfg = Release|Win32
		{B12702AD-ABFB-343A-A199-8E24837244A3}.Release|x86.ActiveCfg = Release|Win32
		{B12702AD-ABFB-343A-A199-8E24837244A3}.Release|x86.Build.0 = Release|Win32
	EndGlobalSection
	GlobalSection(SolutionProperties) = preSolution
		HideSolutionNode = FALSE
	EndGlobalSection
	GlobalSection(ExtensibilityGlobals) = postSolution
		SolutionGuid = {DDD317B9-212A-43E2-A939-4D2F435BA4C4}
	EndGlobalSection
EndGlobal
