<?xml version="1.0" encoding="utf-8"?>
<Project ToolsVersion="4.0" xmlns="http://schemas.microsoft.com/developer/msbuild/2003">
  <ItemGroup>
    <Filter Include="Dump">
      <UniqueIdentifier>{b7f83f8b-f728-4727-85ad-ce036643d674}</UniqueIdentifier>
    </Filter>
    <Filter Include="Math">
      <UniqueIdentifier>{5bef589a-d916-4099-bdc9-40303643928c}</UniqueIdentifier>
    </Filter>
    <Filter Include="Graphics">
      <UniqueIdentifier>{6992bb14-b5c4-4651-a580-8136205c3158}</UniqueIdentifier>
    </Filter>
    <Filter Include="Scene">
      <UniqueIdentifier>{84d3e04b-24ef-441a-8b1f-df3ccaf92665}</UniqueIdentifier>
    </Filter>
    <Filter Include="Resources">
      <UniqueIdentifier>{725159a7-512c-43c1-8c7f-496482d4cfc6}</UniqueIdentifier>
    </Filter>
    <Filter Include="Game">
      <UniqueIdentifier>{996d17a1-a149-429d-9507-441f40d84cd6}</UniqueIdentifier>
    </Filter>
    <Filter Include="System">
      <UniqueIdentifier>{451662e4-5f7a-47a6-9c3e-63006bc4ac1c}</UniqueIdentifier>
    </Filter>
  </ItemGroup>
  <ItemGroup>
    <ClCompile Include="src\Scratch.cpp">
      <Filter>Dump</Filter>
    </ClCompile>
    <ClCompile Include="stdafx.cpp" />
    <ClCompile Include="src\game\Game.cpp">
      <Filter>Game</Filter>
    </ClCompile>
    <ClCompile Include="src\game\Input.cpp">
      <Filter>Game</Filter>
    </ClCompile>
    <ClCompile Include="src\graphics\Graphics.cpp">
      <Filter>Graphics</Filter>
    </ClCompile>
    <ClCompile Include="src\graphics\Window.cpp">
      <Filter>Graphics</Filter>
    </ClCompile>
    <ClCompile Include="src\graphics\Debug.cpp">
      <Filter>Graphics</Filter>
    </ClCompile>
    <ClCompile Include="src\scene\Transform.cpp">
      <Filter>Scene</Filter>
    </ClCompile>
    <ClCompile Include="src\math\Quaternion.cpp">
      <Filter>Math</Filter>
    </ClCompile>
    <ClCompile Include="src\math\Vector2.cpp">
      <Filter>Math</Filter>
    </ClCompile>
    <ClCompile Include="src\math\Vector3.cpp">
      <Filter>Math</Filter>
    </ClCompile>
    <ClCompile Include="src\math\Vector4.cpp">
      <Filter>Math</Filter>
    </ClCompile>
    <ClCompile Include="src\math\Mat4x4.cpp">
      <Filter>Math</Filter>
    </ClCompile>
    <ClCompile Include="src\game\Timer.cpp">
      <Filter>Game</Filter>
    </ClCompile>
    <ClCompile Include="src\game\Clock.cpp">
      <Filter>Game</Filter>
    </ClCompile>
    <ClCompile Include="src\graphics\Renderer.cpp">
      <Filter>Graphics</Filter>
    </ClCompile>
    <ClCompile Include="src\resources\Resources.cpp">
      <Filter>Resources</Filter>
    </ClCompile>
    <ClCompile Include="src\system\LowLevelSystem.cpp">
      <Filter>System</Filter>
    </ClCompile>
    <ClCompile Include="src\system\tString.cpp">
      <Filter>System</Filter>
    </ClCompile>
    <ClCompile Include="src\resources\MeshRes.cpp">
      <Filter>Resources</Filter>
    </ClCompile>
    <ClCompile Include="src\scene\Scene.cpp">
      <Filter>Scene</Filter>
    </ClCompile>
    <ClCompile Include="src\scene\GameObject.cpp">
      <Filter>Scene</Filter>
    </ClCompile>
    <ClCompile Include="src\scene\Camera.cpp">
      <Filter>Scene</Filter>
    </ClCompile>
    <ClCompile Include="src\graphics\Model.cpp">
      <Filter>Graphics</Filter>
    </ClCompile>
    <ClCompile Include="src\graphics\Shader.cpp">
      <Filter>Graphics</Filter>
    </ClCompile>
    <ClCompile Include="src\graphics\Cubemap.cpp">
      <Filter>Graphics</Filter>
    </ClCompile>
    <ClCompile Include="src\graphics\Texture.cpp">
      <Filter>Graphics</Filter>
    </ClCompile>
    <ClCompile Include="src\resources\TextureRes.cpp">
      <Filter>Resources</Filter>
    </ClCompile>
  </ItemGroup>
  <ItemGroup>
    <ClInclude Include="MGLE.h" />
    <ClInclude Include="stdafx.h" />
    <ClInclude Include="src\game\Game.h">
      <Filter>Game</Filter>
    </ClInclude>
    <ClInclude Include="src\game\Input.h">
      <Filter>Game</Filter>
    </ClInclude>
    <ClInclude Include="src\graphics\Graphics.h">
      <Filter>Graphics</Filter>
    </ClInclude>
    <ClInclude Include="src\graphics\Window.h">
      <Filter>Graphics</Filter>
    </ClInclude>
    <ClInclude Include="src\graphics\Debug.h">
      <Filter>Graphics</Filter>
    </ClInclude>
    <ClInclude Include="src\scene\Transform.h">
      <Filter>Scene</Filter>
    </ClInclude>
    <ClInclude Include="src\math\Maths.h">
      <Filter>Math</Filter>
    </ClInclude>
    <ClInclude Include="src\math\Quaternion.h">
      <Filter>Math</Filter>
    </ClInclude>
    <ClInclude Include="src\math\Vector2.h">
      <Filter>Math</Filter>
    </ClInclude>
    <ClInclude Include="src\math\Vector3.h">
      <Filter>Math</Filter>
    </ClInclude>
    <ClInclude Include="src\math\Vector4.h">
      <Filter>Math</Filter>
    </ClInclude>
    <ClInclude Include="src\math\Mat4x4.h">
      <Filter>Math</Filter>
    </ClInclude>
    <ClInclude Include="src\game\Timer.h">
      <Filter>Game</Filter>
    </ClInclude>
    <ClInclude Include="src\game\Clock.h">
      <Filter>Game</Filter>
    </ClInclude>
    <ClInclude Include="src\graphics\Renderer.h">
      <Filter>Graphics</Filter>
    </ClInclude>
    <ClInclude Include="src\resources\Resources.h">
      <Filter>Resources</Filter>
    </ClInclude>
    <ClInclude Include="src\system\LowLevelSystem.h">
      <Filter>System</Filter>
    </ClInclude>
    <ClInclude Include="src\system\tString.h">
      <Filter>System</Filter>
    </ClInclude>
    <ClInclude Include="src\resources\MeshRes.h">
      <Filter>Resources</Filter>
    </ClInclude>
    <ClInclude Include="src\scene\Scene.h">
      <Filter>Scene</Filter>
    </ClInclude>
    <ClInclude Include="src\scene\GameObject.h">
      <Filter>Scene</Filter>
    </ClInclude>
    <ClInclude Include="src\scene\Camera.h">
      <Filter>Scene</Filter>
    </ClInclude>
    <ClInclude Include="src\graphics\Model.h">
      <Filter>Graphics</Filter>
    </ClInclude>
    <ClInclude Include="src\graphics\Shader.h">
      <Filter>Graphics</Filter>
    </ClInclude>
    <ClInclude Include="src\graphics\Cubemap.h">
      <Filter>Graphics</Filter>
    </ClInclude>
    <ClInclude Include="src\graphics\Texture.h">
      <Filter>Graphics</Filter>
    </ClInclude>
    <ClInclude Include="src\resources\TextureRes.h">
      <Filter>Resources</Filter>
    </ClInclude>
  </ItemGroup>
</Project>